
Microsoft Visual Studio Solution File, Format Version 12.00
# Visual Studio Version 17
VisualStudioVersion = 17.0.32014.148
MinimumVisualStudioVersion = 10.0.40219.1
Project("{9A19103F-16F7-4668-BE54-9A1E7A4F7556}") = "TodoApp.Backend", "TodoBackend\TodoApp.Backend.csproj", "{682D315F-38D3-4451-A289-80DE936A4187}"
EndProject
Global
	GlobalSection(SolutionConfigurationPlatforms) = preSolution
		Debug|Any CPU = Debug|Any CPU
		Release|Any CPU = Release|Any CPU
	EndGlobalSection
	GlobalSection(ProjectConfigurationPlatforms) = postSolution
		{682D315F-38D3-4451-A289-80DE936A4187}.Debug|Any CPU.ActiveCfg = Debug|Any CPU
		{682D315F-38D3-4451-A289-80DE936A4187}.Debug|Any CPU.Build.0 = Debug|Any CPU
		{682D315F-38D3-4451-A289-80DE936A4187}.Release|Any CPU.ActiveCfg = Release|Any CPU
		{682D315F-38D3-4451-A289-80DE936A4187}.Release|Any CPU.Build.0 = Release|Any CPU
	EndGlobalSection
	GlobalSection(SolutionProperties) = preSolution
		HideSolutionNode = FALSE
	EndGlobalSection
	GlobalSection(ExtensibilityGlobals) = postSolution
		SolutionGuid = {70B7F4CD-6A1E-4163-9D0E-9C0A4DD86466}
	EndGlobalSection
EndGlobal
